{"1.2.0",
[{<<"cowboy">>,
  {git,"https://github.com/emqx/cowboy",
       {ref,"c8e2b9e069655ad166702a7deb935cabddc85888"}},
  1},
 {<<"cowlib">>,
  {git,"https://github.com/ninenines/cowlib",
       {ref,"c6553f8308a2ca5dcd69d845f0a7d098c40c3363"}},
  2},
 {<<"eqwalizer_support">>,
  {git_subdir,"https://github.com/whatsapp/eqwalizer.git",
              {ref,"1a787cb604f6083ebe8763e358ea362e4677e500"},
              "eqwalizer_support"},
  0},
 {<<"gpb">>,{pkg,<<"gpb">>,<<"4.20.0">>},1},
 {<<"gproc">>,{pkg,<<"gproc">>,<<"0.9.1">>},1},
 {<<"grpc">>,
  {git,"https://github.com/emqx/grpc-erl",
       {ref,"30ec8f7daa27956863e23e18c33f66ea297b982a"}},
  0},
 {<<"gun">>,
  {git,"https://github.com/emqx/gun",
       {ref,"4faea40b9a8ca1eac5288355f8202e0cea379d50"}},
  1},
 {<<"ranch">>,
  {git,"https://github.com/ninenines/ranch",
       {ref,"a692f44567034dacf5efcaa24a24183788594eb7"}},
  2}]}.
[
{pkg_hash,[
 {<<"gpb">>, <<"3617FB7762801C1BED0460ED496D5BAB0F4D76E26B923A9AD9ABF026C2220E8A">>},
 {<<"gproc">>, <<"F1DF0364423539CF0B80E8201C8B1839E229E5F9B3CCB944C5834626998F5B8C">>}]},
{pkg_hash_ext,[
 {<<"gpb">>, <<"4268756A98674D5159EEAA0FD4501B7E43B2DD7F10A1F052499E9B09F107D40B">>},
 {<<"gproc">>, <<"905088E32E72127ED9466F0BAC0D8E65704CA5E73EE5A62CB073C3117916D507">>}]}
].
